
Microsoft Visual Studio Solution File, Format Version 12.00
# Visual Studio Version 17
VisualStudioVersion = 17.1.32210.238
MinimumVisualStudioVersion = 10.0.40219.1
Project("{FAE04EC0-301F-11D3-BF4B-00C04F79EFBC}") = "ClubMembership", "ClubMembership.csproj", "{2843E122-C99A-4A2A-B190-473E14FDCE02}"
EndProject
Global
	GlobalSection(SolutionConfigurationPlatforms) = preSolution
		Debug|Any CPU = Debug|Any CPU
		Release|Any CPU = Release|Any CPU
	EndGlobalSection
	GlobalSection(ProjectConfigurationPlatforms) = postSolution
		{2843E122-C99A-4A2A-B190-473E14FDCE02}.Debug|Any CPU.ActiveCfg = Debug|Any CPU
		{2843E122-C99A-4A2A-B190-473E14FDCE02}.Debug|Any CPU.Build.0 = Debug|Any CPU
		{2843E122-C99A-4A2A-B190-473E14FDCE02}.Release|Any CPU.ActiveCfg = Release|Any CPU
		{2843E122-C99A-4A2A-B190-473E14FDCE02}.Release|Any CPU.Build.0 = Release|Any CPU
	EndGlobalSection
	GlobalSection(SolutionProperties) = preSolution
		HideSolutionNode = FALSE
	EndGlobalSection
	GlobalSection(ExtensibilityGlobals) = postSolution
		SolutionGuid = {636171C2-CC83-4E72-8DB1-FB8ED36D95CC}
	EndGlobalSection
EndGlobal
